
Microsoft Visual Studio Solution File, Format Version 12.00
# Visual Studio Version 17
VisualStudioVersion = 17.13.35919.96
MinimumVisualStudioVersion = 10.0.40219.1
Project("{2150E333-8FDC-42A3-9474-1A3956D46DE8}") = "src", "src", "{02EA681E-C7D8-13C7-8484-4AC65E1B71E8}"
EndProject
Project("{2150E333-8FDC-42A3-9474-1A3956D46DE8}") = "tests", "tests", "{02B0954B-9649-4639-A45D-85F08A07C34C}"
EndProject
Project("{FAE04EC0-301F-11D3-BF4B-00C04F79EFBC}") = "RAC.API", "src\RAC.API\RAC.API.csproj", "{E057A384-B876-4074-9FBE-FF9FE1FAB6D2}"
EndProject
Project("{FAE04EC0-301F-11D3-BF4B-00C04F79EFBC}") = "RAC.Application", "src\RAC.Application\RAC.Application.csproj", "{F0945133-F9D8-461C-97D0-22631118657F}"
EndProject
Project("{FAE04EC0-301F-11D3-BF4B-00C04F79EFBC}") = "RAC.Domain", "src\RAC.Domain\RAC.Domain.csproj", "{DE6E3678-0B4A-425F-B642-EC7109B121B8}"
EndProject
Project("{FAE04EC0-301F-11D3-BF4B-00C04F79EFBC}") = "RAC.Exception", "src\RAC.Exception\RAC.Exception.csproj", "{0E541833-C787-44F9-A01D-6AE48F5CB0D6}"
EndProject
Project("{FAE04EC0-301F-11D3-BF4B-00C04F79EFBC}") = "RAC.Infrastructure", "src\RAC.Infrastructure\RAC.Infrastructure.csproj", "{F75A3626-8CE2-4198-82C3-6E4AE7ABCFC2}"
EndProject
Project("{FAE04EC0-301F-11D3-BF4B-00C04F79EFBC}") = "RAC.Communication", "src\RAC.Communication\RAC.Communication.csproj", "{C303200E-AF9F-4D57-82AD-EFA397B4217D}"
EndProject
Project("{FAE04EC0-301F-11D3-BF4B-00C04F79EFBC}") = "Valitador.Tests", "tests\Valitador.Tests\Valitador.Tests.csproj", "{BF21318E-239E-4718-9089-CFEBABCAD92E}"
EndProject
Project("{FAE04EC0-301F-11D3-BF4B-00C04F79EFBC}") = "CommomTestUtilities", "tests\CommomTestUtilities\CommomTestUtilities.csproj", "{354F41EF-0A1F-491B-AC45-F8A72DDB41F8}"
EndProject
Global
	GlobalSection(SolutionConfigurationPlatforms) = preSolution
		Debug|Any CPU = Debug|Any CPU
		Release|Any CPU = Release|Any CPU
	EndGlobalSection
	GlobalSection(ProjectConfigurationPlatforms) = postSolution
		{E057A384-B876-4074-9FBE-FF9FE1FAB6D2}.Debug|Any CPU.ActiveCfg = Debug|Any CPU
		{E057A384-B876-4074-9FBE-FF9FE1FAB6D2}.Debug|Any CPU.Build.0 = Debug|Any CPU
		{E057A384-B876-4074-9FBE-FF9FE1FAB6D2}.Release|Any CPU.ActiveCfg = Release|Any CPU
		{E057A384-B876-4074-9FBE-FF9FE1FAB6D2}.Release|Any CPU.Build.0 = Release|Any CPU
		{F0945133-F9D8-461C-97D0-22631118657F}.Debug|Any CPU.ActiveCfg = Debug|Any CPU
		{F0945133-F9D8-461C-97D0-22631118657F}.Debug|Any CPU.Build.0 = Debug|Any CPU
		{F0945133-F9D8-461C-97D0-22631118657F}.Release|Any CPU.ActiveCfg = Release|Any CPU
		{F0945133-F9D8-461C-97D0-22631118657F}.Release|Any CPU.Build.0 = Release|Any CPU
		{DE6E3678-0B4A-425F-B642-EC7109B121B8}.Debug|Any CPU.ActiveCfg = Debug|Any CPU
		{DE6E3678-0B4A-425F-B642-EC7109B121B8}.Debug|Any CPU.Build.0 = Debug|Any CPU
		{DE6E3678-0B4A-425F-B642-EC7109B121B8}.Release|Any CPU.ActiveCfg = Release|Any CPU
		{DE6E3678-0B4A-425F-B642-EC7109B121B8}.Release|Any CPU.Build.0 = Release|Any CPU
		{0E541833-C787-44F9-A01D-6AE48F5CB0D6}.Debug|Any CPU.ActiveCfg = Debug|Any CPU
		{0E541833-C787-44F9-A01D-6AE48F5CB0D6}.Debug|Any CPU.Build.0 = Debug|Any CPU
		{0E541833-C787-44F9-A01D-6AE48F5CB0D6}.Release|Any CPU.ActiveCfg = Release|Any CPU
		{0E541833-C787-44F9-A01D-6AE48F5CB0D6}.Release|Any CPU.Build.0 = Release|Any CPU
		{F75A3626-8CE2-4198-82C3-6E4AE7ABCFC2}.Debug|Any CPU.ActiveCfg = Debug|Any CPU
		{F75A3626-8CE2-4198-82C3-6E4AE7ABCFC2}.Debug|Any CPU.Build.0 = Debug|Any CPU
		{F75A3626-8CE2-4198-82C3-6E4AE7ABCFC2}.Release|Any CPU.ActiveCfg = Release|Any CPU
		{F75A3626-8CE2-4198-82C3-6E4AE7ABCFC2}.Release|Any CPU.Build.0 = Release|Any CPU
		{C303200E-AF9F-4D57-82AD-EFA397B4217D}.Debug|Any CPU.ActiveCfg = Debug|Any CPU
		{C303200E-AF9F-4D57-82AD-EFA397B4217D}.Debug|Any CPU.Build.0 = Debug|Any CPU
		{C303200E-AF9F-4D57-82AD-EFA397B4217D}.Release|Any CPU.ActiveCfg = Release|Any CPU
		{C303200E-AF9F-4D57-82AD-EFA397B4217D}.Release|Any CPU.Build.0 = Release|Any CPU
		{BF21318E-239E-4718-9089-CFEBABCAD92E}.Debug|Any CPU.ActiveCfg = Debug|Any CPU
		{BF21318E-239E-4718-9089-CFEBABCAD92E}.Debug|Any CPU.Build.0 = Debug|Any CPU
		{BF21318E-239E-4718-9089-CFEBABCAD92E}.Release|Any CPU.ActiveCfg = Release|Any CPU
		{BF21318E-239E-4718-9089-CFEBABCAD92E}.Release|Any CPU.Build.0 = Release|Any CPU
		{354F41EF-0A1F-491B-AC45-F8A72DDB41F8}.Debug|Any CPU.ActiveCfg = Debug|Any CPU
		{354F41EF-0A1F-491B-AC45-F8A72DDB41F8}.Debug|Any CPU.Build.0 = Debug|Any CPU
		{354F41EF-0A1F-491B-AC45-F8A72DDB41F8}.Release|Any CPU.ActiveCfg = Release|Any CPU
		{354F41EF-0A1F-491B-AC45-F8A72DDB41F8}.Release|Any CPU.Build.0 = Release|Any CPU
	EndGlobalSection
	GlobalSection(SolutionProperties) = preSolution
		HideSolutionNode = FALSE
	EndGlobalSection
	GlobalSection(NestedProjects) = preSolution
		{E057A384-B876-4074-9FBE-FF9FE1FAB6D2} = {02EA681E-C7D8-13C7-8484-4AC65E1B71E8}
		{F0945133-F9D8-461C-97D0-22631118657F} = {02EA681E-C7D8-13C7-8484-4AC65E1B71E8}
		{DE6E3678-0B4A-425F-B642-EC7109B121B8} = {02EA681E-C7D8-13C7-8484-4AC65E1B71E8}
		{0E541833-C787-44F9-A01D-6AE48F5CB0D6} = {02EA681E-C7D8-13C7-8484-4AC65E1B71E8}
		{F75A3626-8CE2-4198-82C3-6E4AE7ABCFC2} = {02EA681E-C7D8-13C7-8484-4AC65E1B71E8}
		{C303200E-AF9F-4D57-82AD-EFA397B4217D} = {02EA681E-C7D8-13C7-8484-4AC65E1B71E8}
		{BF21318E-239E-4718-9089-CFEBABCAD92E} = {02B0954B-9649-4639-A45D-85F08A07C34C}
		{354F41EF-0A1F-491B-AC45-F8A72DDB41F8} = {02B0954B-9649-4639-A45D-85F08A07C34C}
	EndGlobalSection
	GlobalSection(ExtensibilityGlobals) = postSolution
		SolutionGuid = {F6291A7D-6A40-48A1-843B-524B7BDA240E}
	EndGlobalSection
EndGlobal
